
Microsoft Visual Studio Solution File, Format Version 12.00
# Visual Studio Version 16
VisualStudioVersion = 16.0.30413.136
MinimumVisualStudioVersion = 10.0.40219.1
Project("{FAE04EC0-301F-11D3-BF4B-00C04F79EFBC}") = "App1_Mimica.UWP", "App1_Mimica\App1_Mimica.UWP\App1_Mimica.UWP.csproj", "{1A86D17E-0641-42CE-9C76-27ACC502A8E7}"
EndProject
Project("{FAE04EC0-301F-11D3-BF4B-00C04F79EFBC}") = "App1_Mimica.Android", "App1_Mimica\App1_Mimica.Android\App1_Mimica.Android.csproj", "{10AABB95-6B8A-4313-8C9A-85E0889738C7}"
EndProject
Project("{FAE04EC0-301F-11D3-BF4B-00C04F79EFBC}") = "App1_Mimica.iOS", "App1_Mimica\App1_Mimica.iOS\App1_Mimica.iOS.csproj", "{9F0BF7EB-3424-4A40-ACCC-1454013009C1}"
EndProject
Project("{FAE04EC0-301F-11D3-BF4B-00C04F79EFBC}") = "App1_Mimica", "App1_Mimica\App1_Mimica\App1_Mimica.csproj", "{4220E75D-5569-4196-A1A2-FC4A955554F4}"
EndProject
Global
	GlobalSection(SolutionConfigurationPlatforms) = preSolution
		Debug|Any CPU = Debug|Any CPU
		Debug|ARM = Debug|ARM
		Debug|iPhone = Debug|iPhone
		Debug|iPhoneSimulator = Debug|iPhoneSimulator
		Debug|x64 = Debug|x64
		Debug|x86 = Debug|x86
		Release|Any CPU = Release|Any CPU
		Release|ARM = Release|ARM
		Release|iPhone = Release|iPhone
		Release|iPhoneSimulator = Release|iPhoneSimulator
		Release|x64 = Release|x64
		Release|x86 = Release|x86
	EndGlobalSection
	GlobalSection(ProjectConfigurationPlatforms) = postSolution
		{1A86D17E-0641-42CE-9C76-27ACC502A8E7}.Debug|Any CPU.ActiveCfg = Debug|x86
		{1A86D17E-0641-42CE-9C76-27ACC502A8E7}.Debug|Any CPU.Build.0 = Debug|x86
		{1A86D17E-0641-42CE-9C76-27ACC502A8E7}.Debug|Any CPU.Deploy.0 = Debug|x86
		{1A86D17E-0641-42CE-9C76-27ACC502A8E7}.Debug|ARM.ActiveCfg = Debug|ARM
		{1A86D17E-0641-42CE-9C76-27ACC502A8E7}.Debug|ARM.Build.0 = Debug|ARM
		{1A86D17E-0641-42CE-9C76-27ACC502A8E7}.Debug|ARM.Deploy.0 = Debug|ARM
		{1A86D17E-0641-42CE-9C76-27ACC502A8E7}.Debug|iPhone.ActiveCfg = Debug|x86
		{1A86D17E-0641-42CE-9C76-27ACC502A8E7}.Debug|iPhone.Build.0 = Debug|x86
		{1A86D17E-0641-42CE-9C76-27ACC502A8E7}.Debug|iPhone.Deploy.0 = Debug|x86
		{1A86D17E-0641-42CE-9C76-27ACC502A8E7}.Debug|iPhoneSimulator.ActiveCfg = Debug|x86
		{1A86D17E-0641-42CE-9C76-27ACC502A8E7}.Debug|iPhoneSimulator.Build.0 = Debug|x86
		{1A86D17E-0641-42CE-9C76-27ACC502A8E7}.Debug|iPhoneSimulator.Deploy.0 = Debug|x86
		{1A86D17E-0641-42CE-9C76-27ACC502A8E7}.Debug|x64.ActiveCfg = Debug|x64
		{1A86D17E-0641-42CE-9C76-27ACC502A8E7}.Debug|x64.Build.0 = Debug|x64
		{1A86D17E-0641-42CE-9C76-27ACC502A8E7}.Debug|x64.Deploy.0 = Debug|x64
		{1A86D17E-0641-42CE-9C76-27ACC502A8E7}.Debug|x86.ActiveCfg = Debug|x86
		{1A86D17E-0641-42CE-9C76-27ACC502A8E7}.Debug|x86.Build.0 = Debug|x86
		{1A86D17E-0641-42CE-9C76-27ACC502A8E7}.Debug|x86.Deploy.0 = Debug|x86
		{1A86D17E-0641-42CE-9C76-27ACC502A8E7}.Release|Any CPU.ActiveCfg = Release|x86
		{1A86D17E-0641-42CE-9C76-27ACC502A8E7}.Release|Any CPU.Build.0 = Release|x86
		{1A86D17E-0641-42CE-9C76-27ACC502A8E7}.Release|Any CPU.Deploy.0 = Release|x86
		{1A86D17E-0641-42CE-9C76-27ACC502A8E7}.Release|ARM.ActiveCfg = Release|ARM
		{1A86D17E-0641-42CE-9C76-27ACC502A8E7}.Release|ARM.Build.0 = Release|ARM
		{1A86D17E-0641-42CE-9C76-27ACC502A8E7}.Release|ARM.Deploy.0 = Release|ARM
		{1A86D17E-0641-42CE-9C76-27ACC502A8E7}.Release|iPhone.ActiveCfg = Release|x86
		{1A86D17E-0641-42CE-9C76-27ACC502A8E7}.Release|iPhone.Build.0 = Release|x86
		{1A86D17E-0641-42CE-9C76-27ACC502A8E7}.Release|iPhone.Deploy.0 = Release|x86
		{1A86D17E-0641-42CE-9C76-27ACC502A8E7}.Release|iPhoneSimulator.ActiveCfg = Release|x86
		{1A86D17E-0641-42CE-9C76-27ACC502A8E7}.Release|iPhoneSimulator.Build.0 = Release|x86
		{1A86D17E-0641-42CE-9C76-27ACC502A8E7}.Release|iPhoneSimulator.Deploy.0 = Release|x86
		{1A86D17E-0641-42CE-9C76-27ACC502A8E7}.Release|x64.ActiveCfg = Release|x64
		{1A86D17E-0641-42CE-9C76-27ACC502A8E7}.Release|x64.Build.0 = Release|x64
		{1A86D17E-0641-42CE-9C76-27ACC502A8E7}.Release|x64.Deploy.0 = Release|x64
		{1A86D17E-0641-42CE-9C76-27ACC502A8E7}.Release|x86.ActiveCfg = Release|x86
		{1A86D17E-0641-42CE-9C76-27ACC502A8E7}.Release|x86.Build.0 = Release|x86
		{1A86D17E-0641-42CE-9C76-27ACC502A8E7}.Release|x86.Deploy.0 = Release|x86
		{10AABB95-6B8A-4313-8C9A-85E0889738C7}.Debug|Any CPU.ActiveCfg = Debug|Any CPU
		{10AABB95-6B8A-4313-8C9A-85E0889738C7}.Debug|Any CPU.Build.0 = Debug|Any CPU
		{10AABB95-6B8A-4313-8C9A-85E0889738C7}.Debug|Any CPU.Deploy.0 = Debug|Any CPU
		{10AABB95-6B8A-4313-8C9A-85E0889738C7}.Debug|ARM.ActiveCfg = Debug|Any CPU
		{10AABB95-6B8A-4313-8C9A-85E0889738C7}.Debug|ARM.Build.0 = Debug|Any CPU
		{10AABB95-6B8A-4313-8C9A-85E0889738C7}.Debug|ARM.Deploy.0 = Debug|Any CPU
		{10AABB95-6B8A-4313-8C9A-85E0889738C7}.Debug|iPhone.ActiveCfg = Debug|Any CPU
		{10AABB95-6B8A-4313-8C9A-85E0889738C7}.Debug|iPhone.Build.0 = Debug|Any CPU
		{10AABB95-6B8A-4313-8C9A-85E0889738C7}.Debug|iPhone.Deploy.0 = Debug|Any CPU
		{10AABB95-6B8A-4313-8C9A-85E0889738C7}.Debug|iPhoneSimulator.ActiveCfg = Debug|Any CPU
		{10AABB95-6B8A-4313-8C9A-85E0889738C7}.Debug|iPhoneSimulator.Build.0 = Debug|Any CPU
		{10AABB95-6B8A-4313-8C9A-85E0889738C7}.Debug|iPhoneSimulator.Deploy.0 = Debug|Any CPU
		{10AABB95-6B8A-4313-8C9A-85E0889738C7}.Debug|x64.ActiveCfg = Debug|Any CPU
		{10AABB95-6B8A-4313-8C9A-85E0889738C7}.Debug|x64.Build.0 = Debug|Any CPU
		{10AABB95-6B8A-4313-8C9A-85E0889738C7}.Debug|x64.Deploy.0 = Debug|Any CPU
		{10AABB95-6B8A-4313-8C9A-85E0889738C7}.Debug|x86.ActiveCfg = Debug|Any CPU
		{10AABB95-6B8A-4313-8C9A-85E0889738C7}.Debug|x86.Build.0 = Debug|Any CPU
		{10AABB95-6B8A-4313-8C9A-85E0889738C7}.Debug|x86.Deploy.0 = Debug|Any CPU
		{10AABB95-6B8A-4313-8C9A-85E0889738C7}.Release|Any CPU.ActiveCfg = Release|Any CPU
		{10AABB95-6B8A-4313-8C9A-85E0889738C7}.Release|Any CPU.Build.0 = Release|Any CPU
		{10AABB95-6B8A-4313-8C9A-85E0889738C7}.Release|Any CPU.Deploy.0 = Release|Any CPU
		{10AABB95-6B8A-4313-8C9A-85E0889738C7}.Release|ARM.ActiveCfg = Release|Any CPU
		{10AABB95-6B8A-4313-8C9A-85E0889738C7}.Release|ARM.Build.0 = Release|Any CPU
		{10AABB95-6B8A-4313-8C9A-85E0889738C7}.Release|ARM.Deploy.0 = Release|Any CPU
		{10AABB95-6B8A-4313-8C9A-85E0889738C7}.Release|iPhone.ActiveCfg = Release|Any CPU
		{10AABB95-6B8A-4313-8C9A-85E0889738C7}.Release|iPhone.Build.0 = Release|Any CPU
		{10AABB95-6B8A-4313-8C9A-85E0889738C7}.Release|iPhone.Deploy.0 = Release|Any CPU
		{10AABB95-6B8A-4313-8C9A-85E0889738C7}.Release|iPhoneSimulator.ActiveCfg = Release|Any CPU
		{10AABB95-6B8A-4313-8C9A-85E0889738C7}.Release|iPhoneSimulator.Build.0 = Release|Any CPU
		{10AABB95-6B8A-4313-8C9A-85E0889738C7}.Release|iPhoneSimulator.Deploy.0 = Release|Any CPU
		{10AABB95-6B8A-4313-8C9A-85E0889738C7}.Release|x64.ActiveCfg = Release|Any CPU
		{10AABB95-6B8A-4313-8C9A-85E0889738C7}.Release|x64.Build.0 = Release|Any CPU
		{10AABB95-6B8A-4313-8C9A-85E0889738C7}.Release|x64.Deploy.0 = Release|Any CPU
		{10AABB95-6B8A-4313-8C9A-85E0889738C7}.Release|x86.ActiveCfg = Release|Any CPU
		{10AABB95-6B8A-4313-8C9A-85E0889738C7}.Release|x86.Build.0 = Release|Any CPU
		{10AABB95-6B8A-4313-8C9A-85E0889738C7}.Release|x86.Deploy.0 = Release|Any CPU
		{9F0BF7EB-3424-4A40-ACCC-1454013009C1}.Debug|Any CPU.ActiveCfg = Debug|iPhone
		{9F0BF7EB-3424-4A40-ACCC-1454013009C1}.Debug|Any CPU.Build.0 = Debug|iPhone
		{9F0BF7EB-3424-4A40-ACCC-1454013009C1}.Debug|Any CPU.Deploy.0 = Debug|iPhone
		{9F0BF7EB-3424-4A40-ACCC-1454013009C1}.Debug|ARM.ActiveCfg = Debug|iPhone
		{9F0BF7EB-3424-4A40-ACCC-1454013009C1}.Debug|ARM.Build.0 = Debug|iPhone
		{9F0BF7EB-3424-4A40-ACCC-1454013009C1}.Debug|ARM.Deploy.0 = Debug|iPhone
		{9F0BF7EB-3424-4A40-ACCC-1454013009C1}.Debug|iPhone.ActiveCfg = Debug|iPhone
		{9F0BF7EB-3424-4A40-ACCC-1454013009C1}.Debug|iPhone.Build.0 = Debug|iPhone
		{9F0BF7EB-3424-4A40-ACCC-1454013009C1}.Debug|iPhone.Deploy.0 = Debug|iPhone
		{9F0BF7EB-3424-4A40-ACCC-1454013009C1}.Debug|iPhoneSimulator.ActiveCfg = Debug|iPhoneSimulator
		{9F0BF7EB-3424-4A40-ACCC-1454013009C1}.Debug|iPhoneSimulator.Build.0 = Debug|iPhoneSimulator
		{9F0BF7EB-3424-4A40-ACCC-1454013009C1}.Debug|iPhoneSimulator.Deploy.0 = Debug|iPhoneSimulator
		{9F0BF7EB-3424-4A40-ACCC-1454013009C1}.Debug|x64.ActiveCfg = Debug|iPhone
		{9F0BF7EB-3424-4A40-ACCC-1454013009C1}.Debug|x64.Build.0 = Debug|iPhone
		{9F0BF7EB-3424-4A40-ACCC-1454013009C1}.Debug|x64.Deploy.0 = Debug|iPhone
		{9F0BF7EB-3424-4A40-ACCC-1454013009C1}.Debug|x86.ActiveCfg = Debug|iPhone
		{9F0BF7EB-3424-4A40-ACCC-1454013009C1}.Debug|x86.Build.0 = Debug|iPhone
		{9F0BF7EB-3424-4A40-ACCC-1454013009C1}.Debug|x86.Deploy.0 = Debug|iPhone
		{9F0BF7EB-3424-4A40-ACCC-1454013009C1}.Release|Any CPU.ActiveCfg = Release|iPhone
		{9F0BF7EB-3424-4A40-ACCC-1454013009C1}.Release|Any CPU.Build.0 = Release|iPhone
		{9F0BF7EB-3424-4A40-ACCC-1454013009C1}.Release|Any CPU.Deploy.0 = Release|iPhone
		{9F0BF7EB-3424-4A40-ACCC-1454013009C1}.Release|ARM.ActiveCfg = Release|iPhone
		{9F0BF7EB-3424-4A40-ACCC-1454013009C1}.Release|ARM.Build.0 = Release|iPhone
		{9F0BF7EB-3424-4A40-ACCC-1454013009C1}.Release|ARM.Deploy.0 = Release|iPhone
		{9F0BF7EB-3424-4A40-ACCC-1454013009C1}.Release|iPhone.ActiveCfg = Release|iPhone
		{9F0BF7EB-3424-4A40-ACCC-1454013009C1}.Release|iPhone.Build.0 = Release|iPhone
		{9F0BF7EB-3424-4A40-ACCC-1454013009C1}.Release|iPhone.Deploy.0 = Release|iPhone
		{9F0BF7EB-3424-4A40-ACCC-1454013009C1}.Release|iPhoneSimulator.ActiveCfg = Release|iPhoneSimulator
		{9F0BF7EB-3424-4A40-ACCC-1454013009C1}.Release|iPhoneSimulator.Build.0 = Release|iPhoneSimulator
		{9F0BF7EB-3424-4A40-ACCC-1454013009C1}.Release|iPhoneSimulator.Deploy.0 = Release|iPhoneSimulator
		{9F0BF7EB-3424-4A40-ACCC-1454013009C1}.Release|x64.ActiveCfg = Release|iPhone
		{9F0BF7EB-3424-4A40-ACCC-1454013009C1}.Release|x64.Build.0 = Release|iPhone
		{9F0BF7EB-3424-4A40-ACCC-1454013009C1}.Release|x64.Deploy.0 = Release|iPhone
		{9F0BF7EB-3424-4A40-ACCC-1454013009C1}.Release|x86.ActiveCfg = Release|iPhone
		{9F0BF7EB-3424-4A40-ACCC-1454013009C1}.Release|x86.Build.0 = Release|iPhone
		{9F0BF7EB-3424-4A40-ACCC-1454013009C1}.Release|x86.Deploy.0 = Release|iPhone
		{4220E75D-5569-4196-A1A2-FC4A955554F4}.Debug|Any CPU.ActiveCfg = Debug|Any CPU
		{4220E75D-5569-4196-A1A2-FC4A955554F4}.Debug|Any CPU.Build.0 = Debug|Any CPU
		{4220E75D-5569-4196-A1A2-FC4A955554F4}.Debug|Any CPU.Deploy.0 = Debug|Any CPU
		{4220E75D-5569-4196-A1A2-FC4A955554F4}.Debug|ARM.ActiveCfg = Debug|Any CPU
		{4220E75D-5569-4196-A1A2-FC4A955554F4}.Debug|ARM.Build.0 = Debug|Any CPU
		{4220E75D-5569-4196-A1A2-FC4A955554F4}.Debug|ARM.Deploy.0 = Debug|Any CPU
		{4220E75D-5569-4196-A1A2-FC4A955554F4}.Debug|iPhone.ActiveCfg = Debug|Any CPU
		{4220E75D-5569-4196-A1A2-FC4A955554F4}.Debug|iPhone.Build.0 = Debug|Any CPU
		{4220E75D-5569-4196-A1A2-FC4A955554F4}.Debug|iPhone.Deploy.0 = Debug|Any CPU
		{4220E75D-5569-4196-A1A2-FC4A955554F4}.Debug|iPhoneSimulator.ActiveCfg = Debug|Any CPU
		{4220E75D-5569-4196-A1A2-FC4A955554F4}.Debug|iPhoneSimulator.Build.0 = Debug|Any CPU
		{4220E75D-5569-4196-A1A2-FC4A955554F4}.Debug|iPhoneSimulator.Deploy.0 = Debug|Any CPU
		{4220E75D-5569-4196-A1A2-FC4A955554F4}.Debug|x64.ActiveCfg = Debug|Any CPU
		{4220E75D-5569-4196-A1A2-FC4A955554F4}.Debug|x64.Build.0 = Debug|Any CPU
		{4220E75D-5569-4196-A1A2-FC4A955554F4}.Debug|x64.Deploy.0 = Debug|Any CPU
		{4220E75D-5569-4196-A1A2-FC4A955554F4}.Debug|x86.ActiveCfg = Debug|Any CPU
		{4220E75D-5569-4196-A1A2-FC4A955554F4}.Debug|x86.Build.0 = Debug|Any CPU
		{4220E75D-5569-4196-A1A2-FC4A955554F4}.Debug|x86.Deploy.0 = Debug|Any CPU
		{4220E75D-5569-4196-A1A2-FC4A955554F4}.Release|Any CPU.ActiveCfg = Release|Any CPU
		{4220E75D-5569-4196-A1A2-FC4A955554F4}.Release|Any CPU.Build.0 = Release|Any CPU
		{4220E75D-5569-4196-A1A2-FC4A955554F4}.Release|Any CPU.Deploy.0 = Release|Any CPU
		{4220E75D-5569-4196-A1A2-FC4A955554F4}.Release|ARM.ActiveCfg = Release|Any CPU
		{4220E75D-5569-4196-A1A2-FC4A955554F4}.Release|ARM.Build.0 = Release|Any CPU
		{4220E75D-5569-4196-A1A2-FC4A955554F4}.Release|ARM.Deploy.0 = Release|Any CPU
		{4220E75D-5569-4196-A1A2-FC4A955554F4}.Release|iPhone.ActiveCfg = Release|Any CPU
		{4220E75D-5569-4196-A1A2-FC4A955554F4}.Release|iPhone.Build.0 = Release|Any CPU
		{4220E75D-5569-4196-A1A2-FC4A955554F4}.Release|iPhone.Deploy.0 = Release|Any CPU
		{4220E75D-5569-4196-A1A2-FC4A955554F4}.Release|iPhoneSimulator.ActiveCfg = Release|Any CPU
		{4220E75D-5569-4196-A1A2-FC4A955554F4}.Release|iPhoneSimulator.Build.0 = Release|Any CPU
		{4220E75D-5569-4196-A1A2-FC4A955554F4}.Release|iPhoneSimulator.Deploy.0 = Release|Any CPU
		{4220E75D-5569-4196-A1A2-FC4A955554F4}.Release|x64.ActiveCfg = Release|Any CPU
		{4220E75D-5569-4196-A1A2-FC4A955554F4}.Release|x64.Build.0 = Release|Any CPU
		{4220E75D-5569-4196-A1A2-FC4A955554F4}.Release|x64.Deploy.0 = Release|Any CPU
		{4220E75D-5569-4196-A1A2-FC4A955554F4}.Release|x86.ActiveCfg = Release|Any CPU
		{4220E75D-5569-4196-A1A2-FC4A955554F4}.Release|x86.Build.0 = Release|Any CPU
		{4220E75D-5569-4196-A1A2-FC4A955554F4}.Release|x86.Deploy.0 = Release|Any CPU
	EndGlobalSection
	GlobalSection(SolutionProperties) = preSolution
		HideSolutionNode = FALSE
	EndGlobalSection
	GlobalSection(ExtensibilityGlobals) = postSolution
		SolutionGuid = {D993C196-0294-4AA6-95B4-271C8731E92A}
	EndGlobalSection
EndGlobal
